# This file is automatically @generated by Cargo.
# It is not intended for manual editing.
version = 4

[[package]]
name = "fjell-abi"
version = "0.2.1"

[[package]]
name = "fjell-arch"
version = "0.2.1"

[[package]]
name = "fjell-attestation-format"
version = "0.2.1"
dependencies = [
 "fjell-abi",
 "fjell-measure-format",
 "fjell-verify-format",
]

[[package]]
name = "fjell-attestd"
version = "0.2.1"
dependencies = [
 "fjell-abi",
 "fjell-attestation-format",
 "fjell-cap",
 "fjell-measure-format",
 "fjell-service-api",
 "fjell-syscall",
 "fjell-verify-format",
]

[[package]]
name = "fjell-audit-format"
version = "0.2.1"

[[package]]
name = "fjell-auditd"
version = "0.2.1"
dependencies = [
 "fjell-abi",
 "fjell-audit-format",
 "fjell-service-api",
 "fjell-syscall",
]

[[package]]
name = "fjell-block-format"
version = "0.2.1"

[[package]]
name = "fjell-bootctl"
version = "0.2.1"
dependencies = [
 "fjell-abi",
 "fjell-block-format",
 "fjell-device-format",
 "fjell-service-api",
 "fjell-store-format",
 "fjell-syscall",
 "fjell-upgrade-format",
]

[[package]]
name = "fjell-cap"
version = "0.2.1"
dependencies = [
 "fjell-abi",
]

[[package]]
name = "fjell-cap-broker"
version = "0.2.1"
dependencies = [
 "fjell-abi",
 "fjell-service-api",
 "fjell-syscall",
]

[[package]]
name = "fjell-config-format"
version = "0.2.1"

[[package]]
name = "fjell-configd"
version = "0.2.1"
dependencies = [
 "fjell-abi",
 "fjell-service-api",
 "fjell-syscall",
]

[[package]]
name = "fjell-device-format"
version = "0.2.1"

[[package]]
name = "fjell-devmgr"
version = "0.2.1"
dependencies = [
 "fjell-abi",
 "fjell-block-format",
 "fjell-device-format",
 "fjell-service-api",
 "fjell-store-format",
 "fjell-syscall",
 "fjell-upgrade-format",
]

[[package]]
name = "fjell-driver-virtio-blk"
version = "0.2.1"
dependencies = [
 "fjell-abi",
 "fjell-block-format",
 "fjell-device-format",
 "fjell-service-api",
 "fjell-syscall",
]

[[package]]
name = "fjell-init"
version = "0.2.1"
dependencies = [
 "fjell-abi",
 "fjell-cap",
 "fjell-measure-format",
 "fjell-proxy-text",
 "fjell-recovery-format",
 "fjell-rootfs-format",
 "fjell-semantic-format",
 "fjell-service-api",
 "fjell-snapshot-format",
 "fjell-store-format",
 "fjell-syscall",
 "fjell-upgrade-format",
 "fjell-verify-format",
]

[[package]]
name = "fjell-ipc"
version = "0.2.1"
dependencies = [
 "fjell-abi",
 "fjell-cap",
]

[[package]]
name = "fjell-kernel"
version = "0.2.1"
dependencies = [
 "fjell-abi",
 "fjell-audit-format",
 "fjell-cap",
 "fjell-ipc",
]

[[package]]
name = "fjell-measure-format"
version = "0.2.1"

[[package]]
name = "fjell-measuredd"
version = "0.2.1"
dependencies = [
 "fjell-cap",
 "fjell-measure-format",
 "fjell-service-api",
 "fjell-syscall",
]

[[package]]
name = "fjell-neg-test"
version = "0.2.1"
dependencies = [
 "fjell-abi",
 "fjell-cap",
 "fjell-service-api",
 "fjell-syscall",
]

[[package]]
name = "fjell-powerd"
version = "0.2.1"
dependencies = [
 "fjell-abi",
 "fjell-block-format",
 "fjell-device-format",
 "fjell-service-api",
 "fjell-store-format",
 "fjell-syscall",
 "fjell-upgrade-format",
]

[[package]]
name = "fjell-proxy-text"
version = "0.2.1"
dependencies = [
 "fjell-abi",
 "fjell-semantic-format",
 "fjell-service-api",
 "fjell-syscall",
]

[[package]]
name = "fjell-recovery-format"
version = "0.2.1"
dependencies = [
 "fjell-measure-format",
]

[[package]]
name = "fjell-recoveryd"
version = "0.2.1"
dependencies = [
 "fjell-cap",
 "fjell-measure-format",
 "fjell-recovery-format",
 "fjell-service-api",
 "fjell-syscall",
]

[[package]]
name = "fjell-rootfs-format"
version = "0.2.1"

[[package]]
name = "fjell-rootfsd"
version = "0.2.1"
dependencies = [
 "fjell-abi",
 "fjell-syscall",
]

[[package]]
name = "fjell-sample-service"
version = "0.2.1"
dependencies = [
 "fjell-abi",
 "fjell-service-api",
 "fjell-syscall",
]

[[package]]
name = "fjell-semantic-format"
version = "0.2.1"

[[package]]
name = "fjell-semantic-stream"
version = "0.2.1"
dependencies = [
 "fjell-abi",
 "fjell-semantic-format",
 "fjell-service-api",
 "fjell-syscall",
]

[[package]]
name = "fjell-service-api"
version = "0.2.1"
dependencies = [
 "fjell-abi",
 "fjell-syscall",
]

[[package]]
name = "fjell-service-manager"
version = "0.2.1"
dependencies = [
 "fjell-abi",
 "fjell-service-api",
 "fjell-syscall",
]

[[package]]
name = "fjell-snapshot-format"
version = "0.2.1"

[[package]]
name = "fjell-snapshotd"
version = "0.2.1"
dependencies = [
 "fjell-abi",
 "fjell-syscall",
]

[[package]]
name = "fjell-storaged"
version = "0.2.1"
dependencies = [
 "fjell-abi",
 "fjell-block-format",
 "fjell-cap",
 "fjell-device-format",
 "fjell-service-api",
 "fjell-store-format",
 "fjell-syscall",
 "fjell-upgrade-format",
]

[[package]]
name = "fjell-store-format"
version = "0.2.1"

[[package]]
name = "fjell-syscall"
version = "0.2.1"
dependencies = [
 "fjell-abi",
 "fjell-cap",
]

[[package]]
name = "fjell-tools"
version = "0.2.1"

[[package]]
name = "fjell-upgrade-format"
version = "0.2.1"

[[package]]
name = "fjell-upgraded"
version = "0.2.1"
dependencies = [
 "fjell-abi",
 "fjell-block-format",
 "fjell-device-format",
 "fjell-service-api",
 "fjell-store-format",
 "fjell-syscall",
 "fjell-upgrade-format",
]

[[package]]
name = "fjell-verify-format"
version = "0.2.1"

[[package]]
name = "fjell-verifyd"
version = "0.2.1"
dependencies = [
 "fjell-abi",
 "fjell-syscall",
]
